# This file is generated by running "yarn install" inside your project.
# Manual changes might be lost - proceed with caution!

__metadata:
  version: 8
  cacheKey: 10c0

"@a-type/rapier2d-node@workspace:.":
  version: 0.0.0-use.local
  resolution: "@a-type/rapier2d-node@workspace:."
  dependencies:
    typescript: "npm:^4.3.2"
  languageName: unknown
  linkType: soft

"typescript@npm:^4.3.2":
  version: 4.3.2
  resolution: "typescript@npm:4.3.2"
  bin:
    tsc: bin/tsc
    tsserver: bin/tsserver
  checksum: d66adfd99f7e1de875135910e389231261b509d7313a77489fed6a7eed518170056d7392433a9df1ad780f44e645050c6108ee18ef362ec3c306e50b5f14b382
  languageName: node
  linkType: hard

"typescript@patch:typescript@npm%3A^4.3.2#optional!builtin<compat/typescript>":
  version: 4.3.2
  resolution: "typescript@patch:typescript@npm%3A4.3.2#optional!builtin<compat/typescript>::version=4.3.2&hash=dba6d9"
  bin:
    tsc: bin/tsc
    tsserver: bin/tsserver
  checksum: 1d040c5d4dde256588b3f56a34bac4f62bd64bbfea8e45f138e4c9cfca554b12e79710526d30394281a35d3c66650290307c16b7c1a5a1ef349cdee5bcb922fd
  languageName: node
  linkType: hard
